
Microsoft Visual Studio Solution File, Format Version 12.00
# Visual Studio Version 17
VisualStudioVersion = 17.2.32516.85
MinimumVisualStudioVersion = 10.0.40219.1
Project("{FAE04EC0-301F-11D3-BF4B-00C04F79EFBC}") = "MHEdit", "MHEdit\MHEdit.csproj", "{A476C309-E6FE-4CB5-8C89-6E6C80BD5C7F}"
EndProject
Global
	GlobalSection(SolutionConfigurationPlatforms) = preSolution
		Debug|Any CPU = Debug|Any CPU
		Release|Any CPU = Release|Any CPU
	EndGlobalSection
	GlobalSection(ProjectConfigurationPlatforms) = postSolution
		{A476C309-E6FE-4CB5-8C89-6E6C80BD5C7F}.Debug|Any CPU.ActiveCfg = Debug|Any CPU
		{A476C309-E6FE-4CB5-8C89-6E6C80BD5C7F}.Debug|Any CPU.Build.0 = Debug|Any CPU
		{A476C309-E6FE-4CB5-8C89-6E6C80BD5C7F}.Release|Any CPU.ActiveCfg = Release|Any CPU
		{A476C309-E6FE-4CB5-8C89-6E6C80BD5C7F}.Release|Any CPU.Build.0 = Release|Any CPU
	EndGlobalSection
	GlobalSection(SolutionProperties) = preSolution
		HideSolutionNode = FALSE
	EndGlobalSection
	GlobalSection(ExtensibilityGlobals) = postSolution
		SolutionGuid = {FF2F5E44-4C4F-43BB-A99B-A8172B530084}
	EndGlobalSection
EndGlobal
